
Microsoft Visual Studio Solution File, Format Version 12.00
# Visual Studio Version 17
VisualStudioVersion = 17.13.35818.85 d17.13
MinimumVisualStudioVersion = 10.0.40219.1
Project("{FAE04EC0-301F-11D3-BF4B-00C04F79EFBC}") = "07_classes_and_objects", "07_classes_and_objects\07_classes_and_objects.csproj", "{C533AC48-0886-479B-8207-390A44D42155}"
EndProject
Global
	GlobalSection(SolutionConfigurationPlatforms) = preSolution
		Debug|Any CPU = Debug|Any CPU
		Release|Any CPU = Release|Any CPU
	EndGlobalSection
	GlobalSection(ProjectConfigurationPlatforms) = postSolution
		{C533AC48-0886-479B-8207-390A44D42155}.Debug|Any CPU.ActiveCfg = Debug|Any CPU
		{C533AC48-0886-479B-8207-390A44D42155}.Debug|Any CPU.Build.0 = Debug|Any CPU
		{C533AC48-0886-479B-8207-390A44D42155}.Release|Any CPU.ActiveCfg = Release|Any CPU
		{C533AC48-0886-479B-8207-390A44D42155}.Release|Any CPU.Build.0 = Release|Any CPU
	EndGlobalSection
	GlobalSection(SolutionProperties) = preSolution
		HideSolutionNode = FALSE
	EndGlobalSection
	GlobalSection(ExtensibilityGlobals) = postSolution
		SolutionGuid = {89B589C9-C537-401A-9D9D-D803FACE0F37}
	EndGlobalSection
EndGlobal
