
Microsoft Visual Studio Solution File, Format Version 12.00
# Visual Studio Version 17
VisualStudioVersion = 17.12.35707.178 d17.12
MinimumVisualStudioVersion = 10.0.40219.1
Project("{FAE04EC0-301F-11D3-BF4B-00C04F79EFBC}") = "04_string_and_number_operations", "04_string_and_number_operations\04_string_and_number_operations.csproj", "{8F24568B-B2D8-4C01-8FAC-4CC91CE7E4EE}"
EndProject
Global
	GlobalSection(SolutionConfigurationPlatforms) = preSolution
		Debug|Any CPU = Debug|Any CPU
		Release|Any CPU = Release|Any CPU
	EndGlobalSection
	GlobalSection(ProjectConfigurationPlatforms) = postSolution
		{8F24568B-B2D8-4C01-8FAC-4CC91CE7E4EE}.Debug|Any CPU.ActiveCfg = Debug|Any CPU
		{8F24568B-B2D8-4C01-8FAC-4CC91CE7E4EE}.Debug|Any CPU.Build.0 = Debug|Any CPU
		{8F24568B-B2D8-4C01-8FAC-4CC91CE7E4EE}.Release|Any CPU.ActiveCfg = Release|Any CPU
		{8F24568B-B2D8-4C01-8FAC-4CC91CE7E4EE}.Release|Any CPU.Build.0 = Release|Any CPU
	EndGlobalSection
	GlobalSection(SolutionProperties) = preSolution
		HideSolutionNode = FALSE
	EndGlobalSection
EndGlobal
