
Microsoft Visual Studio Solution File, Format Version 12.00
Project("{FAE04EC0-301F-11D3-BF4B-00C04F79EFBC}") = "05_if_else_statements", "05_if_else_statements\05_if_else_statements.csproj", "{A7B27CA9-0056-4815-9B59-CEFBC9A4AAA3}"
EndProject
Global
	GlobalSection(SolutionConfigurationPlatforms) = preSolution
		Debug|Any CPU = Debug|Any CPU
		Release|Any CPU = Release|Any CPU
	EndGlobalSection
	GlobalSection(ProjectConfigurationPlatforms) = postSolution
		{A7B27CA9-0056-4815-9B59-CEFBC9A4AAA3}.Debug|Any CPU.ActiveCfg = Debug|Any CPU
		{A7B27CA9-0056-4815-9B59-CEFBC9A4AAA3}.Debug|Any CPU.Build.0 = Debug|Any CPU
		{A7B27CA9-0056-4815-9B59-CEFBC9A4AAA3}.Release|Any CPU.ActiveCfg = Release|Any CPU
		{A7B27CA9-0056-4815-9B59-CEFBC9A4AAA3}.Release|Any CPU.Build.0 = Release|Any CPU
	EndGlobalSection
EndGlobal
