
Microsoft Visual Studio Solution File, Format Version 12.00
Project("{FAE04EC0-301F-11D3-BF4B-00C04F79EFBC}") = "WeatherForecast.Web", "WeatherForecast.Web\WeatherForecast.Web.csproj", "{266F584E-CDFB-444D-B55C-EEFCD02DAB61}"
EndProject
Global
	GlobalSection(SolutionConfigurationPlatforms) = preSolution
		Debug|Any CPU = Debug|Any CPU
		Release|Any CPU = Release|Any CPU
	EndGlobalSection
	GlobalSection(ProjectConfigurationPlatforms) = postSolution
		{266F584E-CDFB-444D-B55C-EEFCD02DAB61}.Debug|Any CPU.ActiveCfg = Debug|Any CPU
		{266F584E-CDFB-444D-B55C-EEFCD02DAB61}.Debug|Any CPU.Build.0 = Debug|Any CPU
		{266F584E-CDFB-444D-B55C-EEFCD02DAB61}.Release|Any CPU.ActiveCfg = Release|Any CPU
		{266F584E-CDFB-444D-B55C-EEFCD02DAB61}.Release|Any CPU.Build.0 = Release|Any CPU
	EndGlobalSection
EndGlobal
